// !$*UTF8*$!
{
	archiveVersion = 1;
	classes = {
	};
	objectVersion = 48;
	objects = {

/* Begin PBXBuildFile section */
		FD2A78F41F7AD5990057C3EC /* AppDelegate.swift in Sources */ = {isa = PBXBuildFile; fileRef = FD2A78F31F7AD5990057C3EC /* AppDelegate.swift */; };
		FD2A78F61F7AD5990057C3EC /* Scene.sks in Resources */ = {isa = PBXBuildFile; fileRef = FD2A78F51F7AD5990057C3EC /* Scene.sks */; };
		FD2A78F81F7AD5990057C3EC /* Scene.swift in Sources */ = {isa = PBXBuildFile; fileRef = FD2A78F71F7AD5990057C3EC /* Scene.swift */; };
		FD2A78FA1F7AD5990057C3EC /* ViewController.swift in Sources */ = {isa = PBXBuildFile; fileRef = FD2A78F91F7AD5990057C3EC /* ViewController.swift */; };
		FD2A78FD1F7AD5990057C3EC /* Main.storyboard in Resources */ = {isa = PBXBuildFile; fileRef = FD2A78FB1F7AD5990057C3EC /* Main.storyboard */; };
		FD2A78FF1F7AD5990057C3EC /* Assets.xcassets in Resources */ = {isa = PBXBuildFile; fileRef = FD2A78FE1F7AD5990057C3EC /* Assets.xcassets */; };
		FD2A79021F7AD5990057C3EC /* LaunchScreen.storyboard in Resources */ = {isa = PBXBuildFile; fileRef = FD2A79001F7AD5990057C3EC /* LaunchScreen.storyboard */; };
/* End PBXBuildFile section */

/* Begin PBXFileReference section */
		FD2A78F01F7AD5990057C3EC /* ARPostItNote.app */ = {isa = PBXFileReference; explicitFileType = wrapper.application; includeInIndex = 0; path = ARPostItNote.app; sourceTree = BUILT_PRODUCTS_DIR; };
		FD2A78F31F7AD5990057C3EC /* AppDelegate.swift */ = {isa = PBXFileReference; lastKnownFileType = sourcecode.swift; path = AppDelegate.swift; sourceTree = "<group>"; };
		FD2A78F51F7AD5990057C3EC /* Scene.sks */ = {isa = PBXFileReference; lastKnownFileType = file.sks; path = Scene.sks; sourceTree = "<group>"; };
		FD2A78F71F7AD5990057C3EC /* Scene.swift */ = {isa = PBXFileReference; lastKnownFileType = sourcecode.swift; path = Scene.swift; sourceTree = "<group>"; };
		FD2A78F91F7AD5990057C3EC /* ViewController.swift */ = {isa = PBXFileReference; lastKnownFileType = sourcecode.swift; path = ViewController.swift; sourceTree = "<group>"; };
		FD2A78FC1F7AD5990057C3EC /* Base */ = {isa = PBXFileReference; lastKnownFileType = file.storyboard; name = Base; path = Base.lproj/Main.storyboard; sourceTree = "<group>"; };
		FD2A78FE1F7AD5990057C3EC /* Assets.xcassets */ = {isa = PBXFileReference; lastKnownFileType = folder.assetcatalog; path = Assets.xcassets; sourceTree = "<group>"; };
		FD2A79011F7AD5990057C3EC /* Base */ = {isa = PBXFileReference; lastKnownFileType = file.storyboard; name = Base; path = Base.lproj/LaunchScreen.storyboard; sourceTree = "<group>"; };
		FD2A79031F7AD59A0057C3EC /* Info.plist */ = {isa = PBXFileReference; lastKnownFileType = text.plist.xml; path = Info.plist; sourceTree = "<group>"; };
/* End PBXFileReference section */

/* Begin PBXFrameworksBuildPhase section */
		FD2A78ED1F7AD5990057C3EC /* Frameworks */ = {
			isa = PBXFrameworksBuildPhase;
			buildActionMask = 2147483647;
			files = (
			);
			runOnlyForDeploymentPostprocessing = 0;
		};
/* End PBXFrameworksBuildPhase section */

/* Begin PBXGroup section */
		FD2A78E71F7AD5990057C3EC = {
			isa = PBXGroup;
			children = (
				FD2A78F21F7AD5990057C3EC /* ARPostItNote */,
				FD2A78F11F7AD5990057C3EC /* Products */,
			);
			sourceTree = "<group>";
		};
		FD2A78F11F7AD5990057C3EC /* Products */ = {
			isa = PBXGroup;
			children = (
				FD2A78F01F7AD5990057C3EC /* ARPostItNote.app */,
			);
			name = Products;
			sourceTree = "<group>";
		};
		FD2A78F21F7AD5990057C3EC /* ARPostItNote */ = {
			isa = PBXGroup;
			children = (
				FD2A78F31F7AD5990057C3EC /* AppDelegate.swift */,
				FD2A78F51F7AD5990057C3EC /* Scene.sks */,
				FD2A78F71F7AD5990057C3EC /* Scene.swift */,
				FD2A78F91F7AD5990057C3EC /* ViewController.swift */,
				FD2A78FB1F7AD5990057C3EC /* Main.storyboard */,
				FD2A78FE1F7AD5990057C3EC /* Assets.xcassets */,
				FD2A79001F7AD5990057C3EC /* LaunchScreen.storyboard */,
				FD2A79031F7AD59A0057C3EC /* Info.plist */,
			);
			path = ARPostItNote;
			sourceTree = "<group>";
		};
/* End PBXGroup section */

/* Begin PBXNativeTarget section */
		FD2A78EF1F7AD5990057C3EC /* ARPostItNote */ = {
			isa = PBXNativeTarget;
			buildConfigurationList = FD2A79061F7AD59A0057C3EC /* Build configuration list for PBXNativeTarget "ARPostItNote" */;
			buildPhases = (
				FD2A78EC1F7AD5990057C3EC /* Sources */,
				FD2A78ED1F7AD5990057C3EC /* Frameworks */,
				FD2A78EE1F7AD5990057C3EC /* Resources */,
			);
			buildRules = (
			);
			dependencies = (
			);
			name = ARPostItNote;
			productName = ARPostItNote;
			productReference = FD2A78F01F7AD5990057C3EC /* ARPostItNote.app */;
			productType = "com.apple.product-type.application";
		};
/* End PBXNativeTarget section */

/* Begin PBXProject section */
		FD2A78E81F7AD5990057C3EC /* Project object */ = {
			isa = PBXProject;
			attributes = {
				LastSwiftUpdateCheck = 0900;
				LastUpgradeCheck = 0900;
				ORGANIZATIONNAME = Sohail;
				TargetAttributes = {
					FD2A78EF1F7AD5990057C3EC = {
						CreatedOnToolsVersion = 9.0;
						ProvisioningStyle = Automatic;
					};
				};
			};
			buildConfigurationList = FD2A78EB1F7AD5990057C3EC /* Build configuration list for PBXProject "ARPostItNote" */;
			compatibilityVersion = "Xcode 8.0";
			developmentRegion = en;
			hasScannedForEncodings = 0;
			knownRegions = (
				en,
				Base,
			);
			mainGroup = FD2A78E71F7AD5990057C3EC;
			productRefGroup = FD2A78F11F7AD5990057C3EC /* Products */;
			projectDirPath = "";
			projectRoot = "";
			targets = (
				FD2A78EF1F7AD5990057C3EC /* ARPostItNote */,
			);
		};
/* End PBXProject section */

/* Begin PBXResourcesBuildPhase section */
		FD2A78EE1F7AD5990057C3EC /* Resources */ = {
			isa = PBXResourcesBuildPhase;
			buildActionMask = 2147483647;
			files = (
				FD2A78F61F7AD5990057C3EC /* Scene.sks in Resources */,
				FD2A79021F7AD5990057C3EC /* LaunchScreen.storyboard in Resources */,
				FD2A78FF1F7AD5990057C3EC /* Assets.xcassets in Resources */,
				FD2A78FD1F7AD5990057C3EC /* Main.storyboard in Resources */,
			);
			runOnlyForDeploymentPostprocessing = 0;
		};
/* End PBXResourcesBuildPhase section */

/* Begin PBXSourcesBuildPhase section */
		FD2A78EC1F7AD5990057C3EC /* Sources */ = {
			isa = PBXSourcesBuildPhase;
			buildActionMask = 2147483647;
			files = (
				FD2A78FA1F7AD5990057C3EC /* ViewController.swift in Sources */,
				FD2A78F81F7AD5990057C3EC /* Scene.swift in Sources */,
				FD2A78F41F7AD5990057C3EC /* AppDelegate.swift in Sources */,
			);
			runOnlyForDeploymentPostprocessing = 0;
		};
/* End PBXSourcesBuildPhase section */

/* Begin PBXVariantGroup section */
		FD2A78FB1F7AD5990057C3EC /* Main.storyboard */ = {
			isa = PBXVariantGroup;
			children = (
				FD2A78FC1F7AD5990057C3EC /* Base */,
			);
			name = Main.storyboard;
			sourceTree = "<group>";
		};
		FD2A79001F7AD5990057C3EC /* LaunchScreen.storyboard */ = {
			isa = PBXVariantGroup;
			children = (
				FD2A79011F7AD5990057C3EC /* Base */,
			);
			name = LaunchScreen.storyboard;
			sourceTree = "<group>";
		};
/* End PBXVariantGroup section */

/* Begin XCBuildConfiguration section */
		FD2A79041F7AD59A0057C3EC /* Debug */ = {
			isa = XCBuildConfiguration;
			buildSettings = {
				ALWAYS_SEARCH_USER_PATHS = NO;
				CLANG_ANALYZER_NONNULL = YES;
				CLANG_ANALYZER_NUMBER_OBJECT_CONVERSION = YES_AGGRESSIVE;
				CLANG_CXX_LANGUAGE_STANDARD = "gnu++14";
				CLANG_CXX_LIBRARY = "libc++";
				CLANG_ENABLE_MODULES = YES;
				CLANG_ENABLE_OBJC_ARC = YES;
				CLANG_WARN_BLOCK_CAPTURE_AUTORELEASING = YES;
				CLANG_WARN_BOOL_CONVERSION = YES;
				CLANG_WARN_COMMA = YES;
				CLANG_WARN_CONSTANT_CONVERSION = YES;
				CLANG_WARN_DIRECT_OBJC_ISA_USAGE = YES_ERROR;
				CLANG_WARN_DOCUMENTATION_COMMENTS = YES;
				CLANG_WARN_EMPTY_BODY = YES;
				CLANG_WARN_ENUM_CONVERSION = YES;
				CLANG_WARN_INFINITE_RECURSION = YES;
				CLANG_WARN_INT_CONVERSION = YES;
				CLANG_WARN_NON_LITERAL_NULL_CONVERSION = YES;
				CLANG_WARN_OBJC_LITERAL_CONVERSION = YES;
				CLANG_WARN_OBJC_ROOT_CLASS = YES_ERROR;
				CLANG_WARN_RANGE_LOOP_ANALYSIS = YES;
				CLANG_WARN_STRICT_PROTOTYPES = YES;
				CLANG_WARN_SUSPICIOUS_MOVE = YES;
				CLANG_WARN_UNGUARDED_AVAILABILITY = YES_AGGRESSIVE;
				CLANG_WARN_UNREACHABLE_CODE = YES;
				CLANG_WARN__DUPLICATE_METHOD_MATCH = YES;
				CODE_SIGN_IDENTITY = "iPhone Developer";
				COPY_PHASE_STRIP = NO;
				DEBUG_INFORMATION_FORMAT = dwarf;
				ENABLE_STRICT_OBJC_MSGSEND = YES;
				ENABLE_TESTABILITY = YES;
				GCC_C_LANGUAGE_STANDARD = gnu11;
				GCC_DYNAMIC_NO_PIC = NO;
				GCC_NO_COMMON_BLOCKS = YES;
				GCC_OPTIMIZATION_LEVEL = 0;
				GCC_PREPROCESSOR_DEFINITIONS = (
					"DEBUG=1",
					"$(inherited)",
				);
				GCC_WARN_64_TO_32_BIT_CONVERSION = YES;
				GCC_WARN_ABOUT_RETURN_TYPE = YES_ERROR;
				GCC_WARN_UNDECLARED_SELECTOR = YES;
				GCC_WARN_UNINITIALIZED_AUTOS = YES_AGGRESSIVE;
				GCC_WARN_UNUSED_FUNCTION = YES;
				GCC_WARN_UNUSED_VARIABLE = YES;
				IPHONEOS_DEPLOYMENT_TARGET = 11.0;
				MTL_ENABLE_DEBUG_INFO = YES;
				ONLY_ACTIVE_ARCH = YES;
				SDKROOT = iphoneos;
				SWIFT_ACTIVE_COMPILATION_CONDITIONS = DEBUG;
				SWIFT_OPTIMIZATION_LEVEL = "-Onone";
			};
			name = Debug;
		};
		FD2A79051F7AD59A0057C3EC /* Release */ = {
			isa = XCBuildConfiguration;
			buildSettings = {
				ALWAYS_SEARCH_USER_PATHS = NO;
				CLANG_ANALYZER_NONNULL = YES;
				CLANG_ANALYZER_NUMBER_OBJECT_CONVERSION = YES_AGGRESSIVE;
				CLANG_CXX_LANGUAGE_STANDARD = "gnu++14";
				CLANG_CXX_LIBRARY = "libc++";
				CLANG_ENABLE_MODULES = YES;
				CLANG_ENABLE_OBJC_ARC = YES;
				CLANG_WARN_BLOCK_CAPTURE_AUTORELEASING = YES;
				CLANG_WARN_BOOL_CONVERSION = YES;
				CLANG_WARN_COMMA = YES;
				CLANG_WARN_CONSTANT_CONVERSION = YES;
				CLANG_WARN_DIRECT_OBJC_ISA_USAGE = YES_ERROR;
				CLANG_WARN_DOCUMENTATION_COMMENTS = YES;
				CLANG_WARN_EMPTY_BODY = YES;
				CLANG_WARN_ENUM_CONVERSION = YES;
				CLANG_WARN_INFINITE_RECURSION = YES;
				CLANG_WARN_INT_CONVERSION = YES;
				CLANG_WARN_NON_LITERAL_NULL_CONVERSION = YES;
				CLANG_WARN_OBJC_LITERAL_CONVERSION = YES;
				CLANG_WARN_OBJC_ROOT_CLASS = YES_ERROR;
				CLANG_WARN_RANGE_LOOP_ANALYSIS = YES;
				CLANG_WARN_STRICT_PROTOTYPES = YES;
				CLANG_WARN_SUSPICIOUS_MOVE = YES;
				CLANG_WARN_UNGUARDED_AVAILABILITY = YES_AGGRESSIVE;
				CLANG_WARN_UNREACHABLE_CODE = YES;
				CLANG_WARN__DUPLICATE_METHOD_MATCH = YES;
				CODE_SIGN_IDENTITY = "iPhone Developer";
				COPY_PHASE_STRIP = NO;
				DEBUG_INFORMATION_FORMAT = "dwarf-with-dsym";
				ENABLE_NS_ASSERTIONS = NO;
				ENABLE_STRICT_OBJC_MSGSEND = YES;
				GCC_C_LANGUAGE_STANDARD = gnu11;
				GCC_NO_COMMON_BLOCKS = YES;
				GCC_WARN_64_TO_32_BIT_CONVERSION = YES;
				GCC_WARN_ABOUT_RETURN_TYPE = YES_ERROR;
				GCC_WARN_UNDECLARED_SELECTOR = YES;
				GCC_WARN_UNINITIALIZED_AUTOS = YES_AGGRESSIVE;
				GCC_WARN_UNUSED_FUNCTION = YES;
				GCC_WARN_UNUSED_VARIABLE = YES;
				IPHONEOS_DEPLOYMENT_TARGET = 11.0;
				MTL_ENABLE_DEBUG_INFO = NO;
				SDKROOT = iphoneos;
				SWIFT_OPTIMIZATION_LEVEL = "-Owholemodule";
				VALIDATE_PRODUCT = YES;
			};
			name = Release;
		};
		FD2A79071F7AD59A0057C3EC /* Debug */ = {
			isa = XCBuildConfiguration;
			buildSettings = {
				ASSETCATALOG_COMPILER_APPICON_NAME = AppIcon;
				CODE_SIGN_STYLE = Automatic;
				DEVELOPMENT_TEAM = XFHGVA942A;
				INFOPLIST_FILE = ARPostItNote/Info.plist;
				LD_RUNPATH_SEARCH_PATHS = "$(inherited) @executable_path/Frameworks";
				PRODUCT_BUNDLE_IDENTIFIER = Sohail.ARPostItNote;
				PRODUCT_NAME = "$(TARGET_NAME)";
				SWIFT_VERSION = 4.0;
				TARGETED_DEVICE_FAMILY = "1,2";
			};
			name = Debug;
		};
		FD2A79081F7AD59A0057C3EC /* Release */ = {
			isa = XCBuildConfiguration;
			buildSettings = {
				ASSETCATALOG_COMPILER_APPICON_NAME = AppIcon;
				CODE_SIGN_STYLE = Automatic;
				DEVELOPMENT_TEAM = XFHGVA942A;
				INFOPLIST_FILE = ARPostItNote/Info.plist;
				LD_RUNPATH_SEARCH_PATHS = "$(inherited) @executable_path/Frameworks";
				PRODUCT_BUNDLE_IDENTIFIER = Sohail.ARPostItNote;
				PRODUCT_NAME = "$(TARGET_NAME)";
				SWIFT_VERSION = 4.0;
				TARGETED_DEVICE_FAMILY = "1,2";
			};
			name = Release;
		};
/* End XCBuildConfiguration section */

/* Begin XCConfigurationList section */
		FD2A78EB1F7AD5990057C3EC /* Build configuration list for PBXProject "ARPostItNote" */ = {
			isa = XCConfigurationList;
			buildConfigurations = (
				FD2A79041F7AD59A0057C3EC /* Debug */,
				FD2A79051F7AD59A0057C3EC /* Release */,
			);
			defaultConfigurationIsVisible = 0;
			defaultConfigurationName = Release;
		};
		FD2A79061F7AD59A0057C3EC /* Build configuration list for PBXNativeTarget "ARPostItNote" */ = {
			isa = XCConfigurationList;
			buildConfigurations = (
				FD2A79071F7AD59A0057C3EC /* Debug */,
				FD2A79081F7AD59A0057C3EC /* Release */,
			);
			defaultConfigurationIsVisible = 0;
			defaultConfigurationName = Release;
		};
/* End XCConfigurationList section */
	};
	rootObject = FD2A78E81F7AD5990057C3EC /* Project object */;
}
